
Microsoft Visual Studio Solution File, Format Version 12.00
# Visual Studio Version 17
VisualStudioVersion = 17.14.36603.0
MinimumVisualStudioVersion = 10.0.40219.1
Project("{8BC9CEB8-8B4A-11D0-8D11-00A0C91BC942}") = "DODProiect", "DODProiect\DODProiect.vcxproj", "{3CE1E1A2-C5B9-45E9-87E1-2C052C544E79}"
EndProject
Project("{8BC9CEB8-8B4A-11D0-8D11-00A0C91BC942}") = "SDL3", "thirdparty\SDL-release-3.2.24\VisualC\SDL\SDL.vcxproj", "{81CE8DAF-EBB2-4761-8E45-B71ABCCA8C68}"
EndProject
Global
	GlobalSection(SolutionConfigurationPlatforms) = preSolution
		Debug|x64 = Debug|x64
		Debug|x86 = Debug|x86
		Release|x64 = Release|x64
		Release|x86 = Release|x86
	EndGlobalSection
	GlobalSection(ProjectConfigurationPlatforms) = postSolution
		{3CE1E1A2-C5B9-45E9-87E1-2C052C544E79}.Debug|x64.ActiveCfg = Debug|x64
		{3CE1E1A2-C5B9-45E9-87E1-2C052C544E79}.Debug|x64.Build.0 = Debug|x64
		{3CE1E1A2-C5B9-45E9-87E1-2C052C544E79}.Debug|x86.ActiveCfg = Debug|Win32
		{3CE1E1A2-C5B9-45E9-87E1-2C052C544E79}.Debug|x86.Build.0 = Debug|Win32
		{3CE1E1A2-C5B9-45E9-87E1-2C052C544E79}.Release|x64.ActiveCfg = Release|x64
		{3CE1E1A2-C5B9-45E9-87E1-2C052C544E79}.Release|x64.Build.0 = Release|x64
		{3CE1E1A2-C5B9-45E9-87E1-2C052C544E79}.Release|x86.ActiveCfg = Release|Win32
		{3CE1E1A2-C5B9-45E9-87E1-2C052C544E79}.Release|x86.Build.0 = Release|Win32
		{81CE8DAF-EBB2-4761-8E45-B71ABCCA8C68}.Debug|x64.ActiveCfg = Debug|x64
		{81CE8DAF-EBB2-4761-8E45-B71ABCCA8C68}.Debug|x64.Build.0 = Debug|x64
		{81CE8DAF-EBB2-4761-8E45-B71ABCCA8C68}.Debug|x86.ActiveCfg = Debug|Win32
		{81CE8DAF-EBB2-4761-8E45-B71ABCCA8C68}.Debug|x86.Build.0 = Debug|Win32
		{81CE8DAF-EBB2-4761-8E45-B71ABCCA8C68}.Release|x64.ActiveCfg = Release|x64
		{81CE8DAF-EBB2-4761-8E45-B71ABCCA8C68}.Release|x64.Build.0 = Release|x64
		{81CE8DAF-EBB2-4761-8E45-B71ABCCA8C68}.Release|x86.ActiveCfg = Release|Win32
		{81CE8DAF-EBB2-4761-8E45-B71ABCCA8C68}.Release|x86.Build.0 = Release|Win32
	EndGlobalSection
	GlobalSection(SolutionProperties) = preSolution
		HideSolutionNode = FALSE
	EndGlobalSection
	GlobalSection(ExtensibilityGlobals) = postSolution
		SolutionGuid = {FA1F4110-1C4D-447E-B54B-B3B8BBD5E96B}
	EndGlobalSection
EndGlobal
